
Microsoft Visual Studio Solution File, Format Version 12.00
# Visual Studio Version 17
VisualStudioVersion = 17.5.002.0
MinimumVisualStudioVersion = 10.0.40219.1
Project("{9A19103F-16F7-4668-BE54-9A1E7A4F7556}") = "CustomerAPI", "CustomerAPI.csproj", "{BDE59284-8751-4CA0-9B9D-30D6C2915B96}"
EndProject
Global
	GlobalSection(SolutionConfigurationPlatforms) = preSolution
		Debug|Any CPU = Debug|Any CPU
		Release|Any CPU = Release|Any CPU
	EndGlobalSection
	GlobalSection(ProjectConfigurationPlatforms) = postSolution
		{BDE59284-8751-4CA0-9B9D-30D6C2915B96}.Debug|Any CPU.ActiveCfg = Debug|Any CPU
		{BDE59284-8751-4CA0-9B9D-30D6C2915B96}.Debug|Any CPU.Build.0 = Debug|Any CPU
		{BDE59284-8751-4CA0-9B9D-30D6C2915B96}.Release|Any CPU.ActiveCfg = Release|Any CPU
		{BDE59284-8751-4CA0-9B9D-30D6C2915B96}.Release|Any CPU.Build.0 = Release|Any CPU
	EndGlobalSection
	GlobalSection(SolutionProperties) = preSolution
		HideSolutionNode = FALSE
	EndGlobalSection
	GlobalSection(ExtensibilityGlobals) = postSolution
		SolutionGuid = {A1E2A5A5-3F0C-4319-B90A-60D32E0D83FF}
	EndGlobalSection
EndGlobal
